[root]
name = "subset_construction"
version = "0.1.0"
dependencies = [
 "subset_const 0.1.0",
]

[[package]]
name = "posfixer"
version = "0.1.0"

[[package]]
name = "subset_const"
version = "0.1.0"
dependencies = [
 "thompson 0.1.0",
]

[[package]]
name = "thompson"
version = "0.1.0"
dependencies = [
 "posfixer 0.1.0",
]

